// !$*UTF8*$!
{
	archiveVersion = 1;
	classes = {
	};
	objectVersion = 77;
	objects = {

/* Begin PBXBuildFile section */
		0AAB444C2E0BEDD40003AA51 /* libswscale.xcframework in Frameworks */ = {isa = PBXBuildFile; fileRef = 0AAB44442E0BEDD40003AA51 /* libswscale.xcframework */; };
		0AAB444D2E0BEDD40003AA51 /* libswscale.xcframework in Embed Frameworks */ = {isa = PBXBuildFile; fileRef = 0AAB44442E0BEDD40003AA51 /* libswscale.xcframework */; settings = {ATTRIBUTES = (CodeSignOnCopy, RemoveHeadersOnCopy, ); }; };
		0AAB444E2E0BEDD40003AA51 /* libavcodec.xcframework in Frameworks */ = {isa = PBXBuildFile; fileRef = 0AAB44452E0BEDD40003AA51 /* libavcodec.xcframework */; };
		0AAB444F2E0BEDD40003AA51 /* libavcodec.xcframework in Embed Frameworks */ = {isa = PBXBuildFile; fileRef = 0AAB44452E0BEDD40003AA51 /* libavcodec.xcframework */; settings = {ATTRIBUTES = (CodeSignOnCopy, RemoveHeadersOnCopy, ); }; };
		0AAB44502E0BEDD40003AA51 /* libavformat.xcframework in Frameworks */ = {isa = PBXBuildFile; fileRef = 0AAB44462E0BEDD40003AA51 /* libavformat.xcframework */; };
		0AAB44512E0BEDD40003AA51 /* libavformat.xcframework in Embed Frameworks */ = {isa = PBXBuildFile; fileRef = 0AAB44462E0BEDD40003AA51 /* libavformat.xcframework */; settings = {ATTRIBUTES = (CodeSignOnCopy, RemoveHeadersOnCopy, ); }; };
		0AAB44522E0BEDD40003AA51 /* libavfilter.xcframework in Frameworks */ = {isa = PBXBuildFile; fileRef = 0AAB44472E0BEDD40003AA51 /* libavfilter.xcframework */; };
		0AAB44532E0BEDD40003AA51 /* libavfilter.xcframework in Embed Frameworks */ = {isa = PBXBuildFile; fileRef = 0AAB44472E0BEDD40003AA51 /* libavfilter.xcframework */; settings = {ATTRIBUTES = (CodeSignOnCopy, RemoveHeadersOnCopy, ); }; };
		0AAB44542E0BEDD40003AA51 /* libavdevice.xcframework in Frameworks */ = {isa = PBXBuildFile; fileRef = 0AAB44482E0BEDD40003AA51 /* libavdevice.xcframework */; };
		0AAB44552E0BEDD40003AA51 /* libavdevice.xcframework in Embed Frameworks */ = {isa = PBXBuildFile; fileRef = 0AAB44482E0BEDD40003AA51 /* libavdevice.xcframework */; settings = {ATTRIBUTES = (CodeSignOnCopy, RemoveHeadersOnCopy, ); }; };
		0AAB44562E0BEDD40003AA51 /* ffmpegkit.xcframework in Frameworks */ = {isa = PBXBuildFile; fileRef = 0AAB44492E0BEDD40003AA51 /* ffmpegkit.xcframework */; };
		0AAB44572E0BEDD40003AA51 /* ffmpegkit.xcframework in Embed Frameworks */ = {isa = PBXBuildFile; fileRef = 0AAB44492E0BEDD40003AA51 /* ffmpegkit.xcframework */; settings = {ATTRIBUTES = (CodeSignOnCopy, RemoveHeadersOnCopy, ); }; };
		0AAB44582E0BEDD40003AA51 /* libswresample.xcframework in Frameworks */ = {isa = PBXBuildFile; fileRef = 0AAB444A2E0BEDD40003AA51 /* libswresample.xcframework */; };
		0AAB44592E0BEDD40003AA51 /* libswresample.xcframework in Embed Frameworks */ = {isa = PBXBuildFile; fileRef = 0AAB444A2E0BEDD40003AA51 /* libswresample.xcframework */; settings = {ATTRIBUTES = (CodeSignOnCopy, RemoveHeadersOnCopy, ); }; };
		0AAB445A2E0BEDD40003AA51 /* libavutil.xcframework in Frameworks */ = {isa = PBXBuildFile; fileRef = 0AAB444B2E0BEDD40003AA51 /* libavutil.xcframework */; };
		0AAB445B2E0BEDD40003AA51 /* libavutil.xcframework in Embed Frameworks */ = {isa = PBXBuildFile; fileRef = 0AAB444B2E0BEDD40003AA51 /* libavutil.xcframework */; settings = {ATTRIBUTES = (CodeSignOnCopy, RemoveHeadersOnCopy, ); }; };
		0AAB445F2E0BEE610003AA51 /* VideoToolbox.framework in Frameworks */ = {isa = PBXBuildFile; fileRef = 0AAB445E2E0BEE610003AA51 /* VideoToolbox.framework */; };
		0AAB44602E0BEE6B0003AA51 /* libbz2.tbd in Frameworks */ = {isa = PBXBuildFile; fileRef = 0AAB445D2E0BEE4B0003AA51 /* libbz2.tbd */; };
		0AAB44622E0BEE7D0003AA51 /* libc++.tbd in Frameworks */ = {isa = PBXBuildFile; fileRef = 0AAB44612E0BEE750003AA51 /* libc++.tbd */; };
		0AAB44642E0BEE8D0003AA51 /* libiconv.tbd in Frameworks */ = {isa = PBXBuildFile; fileRef = 0AAB44632E0BEE840003AA51 /* libiconv.tbd */; };
		0AAB44662E0BEE950003AA51 /* CoreMotion.framework in Frameworks */ = {isa = PBXBuildFile; fileRef = 0AAB44652E0BEE950003AA51 /* CoreMotion.framework */; };
		0AAB44682E0BEE9D0003AA51 /* Accelerate.framework in Frameworks */ = {isa = PBXBuildFile; fileRef = 0AAB44672E0BEE9C0003AA51 /* Accelerate.framework */; };
/* End PBXBuildFile section */

/* Begin PBXContainerItemProxy section */
		0AAB44252E0BA1740003AA51 /* PBXContainerItemProxy */ = {
			isa = PBXContainerItemProxy;
			containerPortal = 0AAB440F2E0BA1720003AA51 /* Project object */;
			proxyType = 1;
			remoteGlobalIDString = 0AAB44162E0BA1720003AA51;
			remoteInfo = AVCHDConverterAttempt;
		};
		0AAB442F2E0BA1740003AA51 /* PBXContainerItemProxy */ = {
			isa = PBXContainerItemProxy;
			containerPortal = 0AAB440F2E0BA1720003AA51 /* Project object */;
			proxyType = 1;
			remoteGlobalIDString = 0AAB44162E0BA1720003AA51;
			remoteInfo = AVCHDConverterAttempt;
		};
/* End PBXContainerItemProxy section */

/* Begin PBXCopyFilesBuildPhase section */
		0AAB445C2E0BEDD40003AA51 /* Embed Frameworks */ = {
			isa = PBXCopyFilesBuildPhase;
			buildActionMask = 2147483647;
			dstPath = "";
			dstSubfolderSpec = 10;
			files = (
				0AAB445B2E0BEDD40003AA51 /* libavutil.xcframework in Embed Frameworks */,
				0AAB444D2E0BEDD40003AA51 /* libswscale.xcframework in Embed Frameworks */,
				0AAB44512E0BEDD40003AA51 /* libavformat.xcframework in Embed Frameworks */,
				0AAB44552E0BEDD40003AA51 /* libavdevice.xcframework in Embed Frameworks */,
				0AAB44532E0BEDD40003AA51 /* libavfilter.xcframework in Embed Frameworks */,
				0AAB444F2E0BEDD40003AA51 /* libavcodec.xcframework in Embed Frameworks */,
				0AAB44572E0BEDD40003AA51 /* ffmpegkit.xcframework in Embed Frameworks */,
				0AAB44592E0BEDD40003AA51 /* libswresample.xcframework in Embed Frameworks */,
			);
			name = "Embed Frameworks";
			runOnlyForDeploymentPostprocessing = 0;
		};
/* End PBXCopyFilesBuildPhase section */

/* Begin PBXFileReference section */
		0AAB44172E0BA1720003AA51 /* AVCHDConverterAttempt.app */ = {isa = PBXFileReference; explicitFileType = wrapper.application; includeInIndex = 0; path = AVCHDConverterAttempt.app; sourceTree = BUILT_PRODUCTS_DIR; };
		0AAB44242E0BA1740003AA51 /* AVCHDConverterAttemptTests.xctest */ = {isa = PBXFileReference; explicitFileType = wrapper.cfbundle; includeInIndex = 0; path = AVCHDConverterAttemptTests.xctest; sourceTree = BUILT_PRODUCTS_DIR; };
		0AAB442E2E0BA1740003AA51 /* AVCHDConverterAttemptUITests.xctest */ = {isa = PBXFileReference; explicitFileType = wrapper.cfbundle; includeInIndex = 0; path = AVCHDConverterAttemptUITests.xctest; sourceTree = BUILT_PRODUCTS_DIR; };
		0AAB44442E0BEDD40003AA51 /* libswscale.xcframework */ = {isa = PBXFileReference; lastKnownFileType = wrapper.xcframework; name = libswscale.xcframework; path = "../ffmpeg-kit/prebuilt/bundle-apple-xcframework-ios/libswscale.xcframework"; sourceTree = "<group>"; };
		0AAB44452E0BEDD40003AA51 /* libavcodec.xcframework */ = {isa = PBXFileReference; lastKnownFileType = wrapper.xcframework; name = libavcodec.xcframework; path = "../ffmpeg-kit/prebuilt/bundle-apple-xcframework-ios/libavcodec.xcframework"; sourceTree = "<group>"; };
		0AAB44462E0BEDD40003AA51 /* libavformat.xcframework */ = {isa = PBXFileReference; lastKnownFileType = wrapper.xcframework; name = libavformat.xcframework; path = "../ffmpeg-kit/prebuilt/bundle-apple-xcframework-ios/libavformat.xcframework"; sourceTree = "<group>"; };
		0AAB44472E0BEDD40003AA51 /* libavfilter.xcframework */ = {isa = PBXFileReference; lastKnownFileType = wrapper.xcframework; name = libavfilter.xcframework; path = "../ffmpeg-kit/prebuilt/bundle-apple-xcframework-ios/libavfilter.xcframework"; sourceTree = "<group>"; };
		0AAB44482E0BEDD40003AA51 /* libavdevice.xcframework */ = {isa = PBXFileReference; lastKnownFileType = wrapper.xcframework; name = libavdevice.xcframework; path = "../ffmpeg-kit/prebuilt/bundle-apple-xcframework-ios/libavdevice.xcframework"; sourceTree = "<group>"; };
		0AAB44492E0BEDD40003AA51 /* ffmpegkit.xcframework */ = {isa = PBXFileReference; lastKnownFileType = wrapper.xcframework; name = ffmpegkit.xcframework; path = "../ffmpeg-kit/prebuilt/bundle-apple-xcframework-ios/ffmpegkit.xcframework"; sourceTree = "<group>"; };
		0AAB444A2E0BEDD40003AA51 /* libswresample.xcframework */ = {isa = PBXFileReference; lastKnownFileType = wrapper.xcframework; name = libswresample.xcframework; path = "../ffmpeg-kit/prebuilt/bundle-apple-xcframework-ios/libswresample.xcframework"; sourceTree = "<group>"; };
		0AAB444B2E0BEDD40003AA51 /* libavutil.xcframework */ = {isa = PBXFileReference; lastKnownFileType = wrapper.xcframework; name = libavutil.xcframework; path = "../ffmpeg-kit/prebuilt/bundle-apple-xcframework-ios/libavutil.xcframework"; sourceTree = "<group>"; };
		0AAB445D2E0BEE4B0003AA51 /* libbz2.tbd */ = {isa = PBXFileReference; lastKnownFileType = "sourcecode.text-based-dylib-definition"; name = libbz2.tbd; path = usr/lib/libbz2.tbd; sourceTree = SDKROOT; };
		0AAB445E2E0BEE610003AA51 /* VideoToolbox.framework */ = {isa = PBXFileReference; lastKnownFileType = wrapper.framework; name = VideoToolbox.framework; path = System/Library/Frameworks/VideoToolbox.framework; sourceTree = SDKROOT; };
		0AAB44612E0BEE750003AA51 /* libc++.tbd */ = {isa = PBXFileReference; lastKnownFileType = "sourcecode.text-based-dylib-definition"; name = "libc++.tbd"; path = "usr/lib/libc++.tbd"; sourceTree = SDKROOT; };
		0AAB44632E0BEE840003AA51 /* libiconv.tbd */ = {isa = PBXFileReference; lastKnownFileType = "sourcecode.text-based-dylib-definition"; name = libiconv.tbd; path = usr/lib/libiconv.tbd; sourceTree = SDKROOT; };
		0AAB44652E0BEE950003AA51 /* CoreMotion.framework */ = {isa = PBXFileReference; lastKnownFileType = wrapper.framework; name = CoreMotion.framework; path = System/Library/Frameworks/CoreMotion.framework; sourceTree = SDKROOT; };
		0AAB44672E0BEE9C0003AA51 /* Accelerate.framework */ = {isa = PBXFileReference; lastKnownFileType = wrapper.framework; name = Accelerate.framework; path = System/Library/Frameworks/Accelerate.framework; sourceTree = SDKROOT; };
/* End PBXFileReference section */

/* Begin PBXFileSystemSynchronizedBuildFileExceptionSet section */
		0AAA5BDC2E13DDFB0006D67E /* Exceptions for "AVCHDConverterAttempt" folder in "AVCHDConverterAttempt" target */ = {
			isa = PBXFileSystemSynchronizedBuildFileExceptionSet;
			membershipExceptions = (
				Info.plist,
			);
			target = 0AAB44162E0BA1720003AA51 /* AVCHDConverterAttempt */;
		};
/* End PBXFileSystemSynchronizedBuildFileExceptionSet section */

/* Begin PBXFileSystemSynchronizedRootGroup section */
		0AAB44192E0BA1720003AA51 /* AVCHDConverterAttempt */ = {
			isa = PBXFileSystemSynchronizedRootGroup;
			exceptions = (
				0AAA5BDC2E13DDFB0006D67E /* Exceptions for "AVCHDConverterAttempt" folder in "AVCHDConverterAttempt" target */,
			);
			path = AVCHDConverterAttempt;
			sourceTree = "<group>";
		};
		0AAB44272E0BA1740003AA51 /* AVCHDConverterAttemptTests */ = {
			isa = PBXFileSystemSynchronizedRootGroup;
			path = AVCHDConverterAttemptTests;
			sourceTree = "<group>";
		};
		0AAB44312E0BA1740003AA51 /* AVCHDConverterAttemptUITests */ = {
			isa = PBXFileSystemSynchronizedRootGroup;
			path = AVCHDConverterAttemptUITests;
			sourceTree = "<group>";
		};
/* End PBXFileSystemSynchronizedRootGroup section */

/* Begin PBXFrameworksBuildPhase section */
		0AAB44142E0BA1720003AA51 /* Frameworks */ = {
			isa = PBXFrameworksBuildPhase;
			buildActionMask = 2147483647;
			files = (
				0AAB445A2E0BEDD40003AA51 /* libavutil.xcframework in Frameworks */,
				0AAB44682E0BEE9D0003AA51 /* Accelerate.framework in Frameworks */,
				0AAB44622E0BEE7D0003AA51 /* libc++.tbd in Frameworks */,
				0AAB44602E0BEE6B0003AA51 /* libbz2.tbd in Frameworks */,
				0AAB444C2E0BEDD40003AA51 /* libswscale.xcframework in Frameworks */,
				0AAB445F2E0BEE610003AA51 /* VideoToolbox.framework in Frameworks */,
				0AAB44502E0BEDD40003AA51 /* libavformat.xcframework in Frameworks */,
				0AAB44662E0BEE950003AA51 /* CoreMotion.framework in Frameworks */,
				0AAB44642E0BEE8D0003AA51 /* libiconv.tbd in Frameworks */,
				0AAB44542E0BEDD40003AA51 /* libavdevice.xcframework in Frameworks */,
				0AAB44522E0BEDD40003AA51 /* libavfilter.xcframework in Frameworks */,
				0AAB444E2E0BEDD40003AA51 /* libavcodec.xcframework in Frameworks */,
				0AAB44562E0BEDD40003AA51 /* ffmpegkit.xcframework in Frameworks */,
				0AAB44582E0BEDD40003AA51 /* libswresample.xcframework in Frameworks */,
			);
			runOnlyForDeploymentPostprocessing = 0;
		};
		0AAB44212E0BA1740003AA51 /* Frameworks */ = {
			isa = PBXFrameworksBuildPhase;
			buildActionMask = 2147483647;
			files = (
			);
			runOnlyForDeploymentPostprocessing = 0;
		};
		0AAB442B2E0BA1740003AA51 /* Frameworks */ = {
			isa = PBXFrameworksBuildPhase;
			buildActionMask = 2147483647;
			files = (
			);
			runOnlyForDeploymentPostprocessing = 0;
		};
/* End PBXFrameworksBuildPhase section */

/* Begin PBXGroup section */
		0AAB440E2E0BA1720003AA51 = {
			isa = PBXGroup;
			children = (
				0AAB44192E0BA1720003AA51 /* AVCHDConverterAttempt */,
				0AAB44272E0BA1740003AA51 /* AVCHDConverterAttemptTests */,
				0AAB44312E0BA1740003AA51 /* AVCHDConverterAttemptUITests */,
				0AAB44432E0BEDD40003AA51 /* Frameworks */,
				0AAB44182E0BA1720003AA51 /* Products */,
			);
			sourceTree = "<group>";
		};
		0AAB44182E0BA1720003AA51 /* Products */ = {
			isa = PBXGroup;
			children = (
				0AAB44172E0BA1720003AA51 /* AVCHDConverterAttempt.app */,
				0AAB44242E0BA1740003AA51 /* AVCHDConverterAttemptTests.xctest */,
				0AAB442E2E0BA1740003AA51 /* AVCHDConverterAttemptUITests.xctest */,
			);
			name = Products;
			sourceTree = "<group>";
		};
		0AAB44432E0BEDD40003AA51 /* Frameworks */ = {
			isa = PBXGroup;
			children = (
				0AAB44672E0BEE9C0003AA51 /* Accelerate.framework */,
				0AAB44652E0BEE950003AA51 /* CoreMotion.framework */,
				0AAB44632E0BEE840003AA51 /* libiconv.tbd */,
				0AAB44612E0BEE750003AA51 /* libc++.tbd */,
				0AAB445E2E0BEE610003AA51 /* VideoToolbox.framework */,
				0AAB445D2E0BEE4B0003AA51 /* libbz2.tbd */,
				0AAB44492E0BEDD40003AA51 /* ffmpegkit.xcframework */,
				0AAB44452E0BEDD40003AA51 /* libavcodec.xcframework */,
				0AAB44482E0BEDD40003AA51 /* libavdevice.xcframework */,
				0AAB44472E0BEDD40003AA51 /* libavfilter.xcframework */,
				0AAB44462E0BEDD40003AA51 /* libavformat.xcframework */,
				0AAB444B2E0BEDD40003AA51 /* libavutil.xcframework */,
				0AAB444A2E0BEDD40003AA51 /* libswresample.xcframework */,
				0AAB44442E0BEDD40003AA51 /* libswscale.xcframework */,
			);
			name = Frameworks;
			sourceTree = "<group>";
		};
/* End PBXGroup section */

/* Begin PBXNativeTarget section */
		0AAB44162E0BA1720003AA51 /* AVCHDConverterAttempt */ = {
			isa = PBXNativeTarget;
			buildConfigurationList = 0AAB44382E0BA1740003AA51 /* Build configuration list for PBXNativeTarget "AVCHDConverterAttempt" */;
			buildPhases = (
				0AAB44132E0BA1720003AA51 /* Sources */,
				0AAB44142E0BA1720003AA51 /* Frameworks */,
				0AAB44152E0BA1720003AA51 /* Resources */,
				0AAB445C2E0BEDD40003AA51 /* Embed Frameworks */,
			);
			buildRules = (
			);
			dependencies = (
			);
			fileSystemSynchronizedGroups = (
				0AAB44192E0BA1720003AA51 /* AVCHDConverterAttempt */,
			);
			name = AVCHDConverterAttempt;
			packageProductDependencies = (
			);
			productName = AVCHDConverterAttempt;
			productReference = 0AAB44172E0BA1720003AA51 /* AVCHDConverterAttempt.app */;
			productType = "com.apple.product-type.application";
		};
		0AAB44232E0BA1740003AA51 /* AVCHDConverterAttemptTests */ = {
			isa = PBXNativeTarget;
			buildConfigurationList = 0AAB443B2E0BA1740003AA51 /* Build configuration list for PBXNativeTarget "AVCHDConverterAttemptTests" */;
			buildPhases = (
				0AAB44202E0BA1740003AA51 /* Sources */,
				0AAB44212E0BA1740003AA51 /* Frameworks */,
				0AAB44222E0BA1740003AA51 /* Resources */,
			);
			buildRules = (
			);
			dependencies = (
				0AAB44262E0BA1740003AA51 /* PBXTargetDependency */,
			);
			fileSystemSynchronizedGroups = (
				0AAB44272E0BA1740003AA51 /* AVCHDConverterAttemptTests */,
			);
			name = AVCHDConverterAttemptTests;
			packageProductDependencies = (
			);
			productName = AVCHDConverterAttemptTests;
			productReference = 0AAB44242E0BA1740003AA51 /* AVCHDConverterAttemptTests.xctest */;
			productType = "com.apple.product-type.bundle.unit-test";
		};
		0AAB442D2E0BA1740003AA51 /* AVCHDConverterAttemptUITests */ = {
			isa = PBXNativeTarget;
			buildConfigurationList = 0AAB443E2E0BA1740003AA51 /* Build configuration list for PBXNativeTarget "AVCHDConverterAttemptUITests" */;
			buildPhases = (
				0AAB442A2E0BA1740003AA51 /* Sources */,
				0AAB442B2E0BA1740003AA51 /* Frameworks */,
				0AAB442C2E0BA1740003AA51 /* Resources */,
			);
			buildRules = (
			);
			dependencies = (
				0AAB44302E0BA1740003AA51 /* PBXTargetDependency */,
			);
			fileSystemSynchronizedGroups = (
				0AAB44312E0BA1740003AA51 /* AVCHDConverterAttemptUITests */,
			);
			name = AVCHDConverterAttemptUITests;
			packageProductDependencies = (
			);
			productName = AVCHDConverterAttemptUITests;
			productReference = 0AAB442E2E0BA1740003AA51 /* AVCHDConverterAttemptUITests.xctest */;
			productType = "com.apple.product-type.bundle.ui-testing";
		};
/* End PBXNativeTarget section */

/* Begin PBXProject section */
		0AAB440F2E0BA1720003AA51 /* Project object */ = {
			isa = PBXProject;
			attributes = {
				BuildIndependentTargetsInParallel = 1;
				LastSwiftUpdateCheck = 1640;
				LastUpgradeCheck = 1640;
				TargetAttributes = {
					0AAB44162E0BA1720003AA51 = {
						CreatedOnToolsVersion = 16.4;
					};
					0AAB44232E0BA1740003AA51 = {
						CreatedOnToolsVersion = 16.4;
						TestTargetID = 0AAB44162E0BA1720003AA51;
					};
					0AAB442D2E0BA1740003AA51 = {
						CreatedOnToolsVersion = 16.4;
						TestTargetID = 0AAB44162E0BA1720003AA51;
					};
				};
			};
			buildConfigurationList = 0AAB44122E0BA1720003AA51 /* Build configuration list for PBXProject "AVCHDConverterAttempt" */;
			developmentRegion = en;
			hasScannedForEncodings = 0;
			knownRegions = (
				en,
				Base,
			);
			mainGroup = 0AAB440E2E0BA1720003AA51;
			minimizedProjectReferenceProxies = 1;
			preferredProjectObjectVersion = 77;
			productRefGroup = 0AAB44182E0BA1720003AA51 /* Products */;
			projectDirPath = "";
			projectRoot = "";
			targets = (
				0AAB44162E0BA1720003AA51 /* AVCHDConverterAttempt */,
				0AAB44232E0BA1740003AA51 /* AVCHDConverterAttemptTests */,
				0AAB442D2E0BA1740003AA51 /* AVCHDConverterAttemptUITests */,
			);
		};
/* End PBXProject section */

/* Begin PBXResourcesBuildPhase section */
		0AAB44152E0BA1720003AA51 /* Resources */ = {
			isa = PBXResourcesBuildPhase;
			buildActionMask = 2147483647;
			files = (
			);
			runOnlyForDeploymentPostprocessing = 0;
		};
		0AAB44222E0BA1740003AA51 /* Resources */ = {
			isa = PBXResourcesBuildPhase;
			buildActionMask = 2147483647;
			files = (
			);
			runOnlyForDeploymentPostprocessing = 0;
		};
		0AAB442C2E0BA1740003AA51 /* Resources */ = {
			isa = PBXResourcesBuildPhase;
			buildActionMask = 2147483647;
			files = (
			);
			runOnlyForDeploymentPostprocessing = 0;
		};
/* End PBXResourcesBuildPhase section */

/* Begin PBXSourcesBuildPhase section */
		0AAB44132E0BA1720003AA51 /* Sources */ = {
			isa = PBXSourcesBuildPhase;
			buildActionMask = 2147483647;
			files = (
			);
			runOnlyForDeploymentPostprocessing = 0;
		};
		0AAB44202E0BA1740003AA51 /* Sources */ = {
			isa = PBXSourcesBuildPhase;
			buildActionMask = 2147483647;
			files = (
			);
			runOnlyForDeploymentPostprocessing = 0;
		};
		0AAB442A2E0BA1740003AA51 /* Sources */ = {
			isa = PBXSourcesBuildPhase;
			buildActionMask = 2147483647;
			files = (
			);
			runOnlyForDeploymentPostprocessing = 0;
		};
/* End PBXSourcesBuildPhase section */

/* Begin PBXTargetDependency section */
		0AAB44262E0BA1740003AA51 /* PBXTargetDependency */ = {
			isa = PBXTargetDependency;
			target = 0AAB44162E0BA1720003AA51 /* AVCHDConverterAttempt */;
			targetProxy = 0AAB44252E0BA1740003AA51 /* PBXContainerItemProxy */;
		};
		0AAB44302E0BA1740003AA51 /* PBXTargetDependency */ = {
			isa = PBXTargetDependency;
			target = 0AAB44162E0BA1720003AA51 /* AVCHDConverterAttempt */;
			targetProxy = 0AAB442F2E0BA1740003AA51 /* PBXContainerItemProxy */;
		};
/* End PBXTargetDependency section */

/* Begin XCBuildConfiguration section */
		0AAB44362E0BA1740003AA51 /* Debug */ = {
			isa = XCBuildConfiguration;
			buildSettings = {
				ALWAYS_SEARCH_USER_PATHS = NO;
				ASSETCATALOG_COMPILER_GENERATE_SWIFT_ASSET_SYMBOL_EXTENSIONS = YES;
				CLANG_ANALYZER_NONNULL = YES;
				CLANG_ANALYZER_NUMBER_OBJECT_CONVERSION = YES_AGGRESSIVE;
				CLANG_CXX_LANGUAGE_STANDARD = "gnu++20";
				CLANG_ENABLE_MODULES = YES;
				CLANG_ENABLE_OBJC_ARC = YES;
				CLANG_ENABLE_OBJC_WEAK = YES;
				CLANG_WARN_BLOCK_CAPTURE_AUTORELEASING = YES;
				CLANG_WARN_BOOL_CONVERSION = YES;
				CLANG_WARN_COMMA = YES;
				CLANG_WARN_CONSTANT_CONVERSION = YES;
				CLANG_WARN_DEPRECATED_OBJC_IMPLEMENTATIONS = YES;
				CLANG_WARN_DIRECT_OBJC_ISA_USAGE = YES_ERROR;
				CLANG_WARN_DOCUMENTATION_COMMENTS = YES;
				CLANG_WARN_EMPTY_BODY = YES;
				CLANG_WARN_ENUM_CONVERSION = YES;
				CLANG_WARN_INFINITE_RECURSION = YES;
				CLANG_WARN_INT_CONVERSION = YES;
				CLANG_WARN_NON_LITERAL_NULL_CONVERSION = YES;
				CLANG_WARN_OBJC_IMPLICIT_RETAIN_SELF = YES;
				CLANG_WARN_OBJC_LITERAL_CONVERSION = YES;
				CLANG_WARN_OBJC_ROOT_CLASS = YES_ERROR;
				CLANG_WARN_QUOTED_INCLUDE_IN_FRAMEWORK_HEADER = YES;
				CLANG_WARN_RANGE_LOOP_ANALYSIS = YES;
				CLANG_WARN_STRICT_PROTOTYPES = YES;
				CLANG_WARN_SUSPICIOUS_MOVE = YES;
				CLANG_WARN_UNGUARDED_AVAILABILITY = YES_AGGRESSIVE;
				CLANG_WARN_UNREACHABLE_CODE = YES;
				CLANG_WARN__DUPLICATE_METHOD_MATCH = YES;
				COPY_PHASE_STRIP = NO;
				DEBUG_INFORMATION_FORMAT = dwarf;
				DEVELOPMENT_TEAM = 8673U3RF89;
				ENABLE_STRICT_OBJC_MSGSEND = YES;
				ENABLE_TESTABILITY = YES;
				ENABLE_USER_SCRIPT_SANDBOXING = YES;
				GCC_C_LANGUAGE_STANDARD = gnu17;
				GCC_DYNAMIC_NO_PIC = NO;
				GCC_NO_COMMON_BLOCKS = YES;
				GCC_OPTIMIZATION_LEVEL = 0;
				GCC_PREPROCESSOR_DEFINITIONS = (
					"DEBUG=1",
					"$(inherited)",
				);
				GCC_WARN_64_TO_32_BIT_CONVERSION = YES;
				GCC_WARN_ABOUT_RETURN_TYPE = YES_ERROR;
				GCC_WARN_UNDECLARED_SELECTOR = YES;
				GCC_WARN_UNINITIALIZED_AUTOS = YES_AGGRESSIVE;
				GCC_WARN_UNUSED_FUNCTION = YES;
				GCC_WARN_UNUSED_VARIABLE = YES;
				IPHONEOS_DEPLOYMENT_TARGET = 18.5;
				LOCALIZATION_PREFERS_STRING_CATALOGS = YES;
				MTL_ENABLE_DEBUG_INFO = INCLUDE_SOURCE;
				MTL_FAST_MATH = YES;
				ONLY_ACTIVE_ARCH = YES;
				SDKROOT = iphoneos;
				SWIFT_ACTIVE_COMPILATION_CONDITIONS = "DEBUG $(inherited)";
				SWIFT_OPTIMIZATION_LEVEL = "-Onone";
			};
			name = Debug;
		};
		0AAB44372E0BA1740003AA51 /* Release */ = {
			isa = XCBuildConfiguration;
			buildSettings = {
				ALWAYS_SEARCH_USER_PATHS = NO;
				ASSETCATALOG_COMPILER_GENERATE_SWIFT_ASSET_SYMBOL_EXTENSIONS = YES;
				CLANG_ANALYZER_NONNULL = YES;
				CLANG_ANALYZER_NUMBER_OBJECT_CONVERSION = YES_AGGRESSIVE;
				CLANG_CXX_LANGUAGE_STANDARD = "gnu++20";
				CLANG_ENABLE_MODULES = YES;
				CLANG_ENABLE_OBJC_ARC = YES;
				CLANG_ENABLE_OBJC_WEAK = YES;
				CLANG_WARN_BLOCK_CAPTURE_AUTORELEASING = YES;
				CLANG_WARN_BOOL_CONVERSION = YES;
				CLANG_WARN_COMMA = YES;
				CLANG_WARN_CONSTANT_CONVERSION = YES;
				CLANG_WARN_DEPRECATED_OBJC_IMPLEMENTATIONS = YES;
				CLANG_WARN_DIRECT_OBJC_ISA_USAGE = YES_ERROR;
				CLANG_WARN_DOCUMENTATION_COMMENTS = YES;
				CLANG_WARN_EMPTY_BODY = YES;
				CLANG_WARN_ENUM_CONVERSION = YES;
				CLANG_WARN_INFINITE_RECURSION = YES;
				CLANG_WARN_INT_CONVERSION = YES;
				CLANG_WARN_NON_LITERAL_NULL_CONVERSION = YES;
				CLANG_WARN_OBJC_IMPLICIT_RETAIN_SELF = YES;
				CLANG_WARN_OBJC_LITERAL_CONVERSION = YES;
				CLANG_WARN_OBJC_ROOT_CLASS = YES_ERROR;
				CLANG_WARN_QUOTED_INCLUDE_IN_FRAMEWORK_HEADER = YES;
				CLANG_WARN_RANGE_LOOP_ANALYSIS = YES;
				CLANG_WARN_STRICT_PROTOTYPES = YES;
				CLANG_WARN_SUSPICIOUS_MOVE = YES;
				CLANG_WARN_UNGUARDED_AVAILABILITY = YES_AGGRESSIVE;
				CLANG_WARN_UNREACHABLE_CODE = YES;
				CLANG_WARN__DUPLICATE_METHOD_MATCH = YES;
				COPY_PHASE_STRIP = NO;
				DEBUG_INFORMATION_FORMAT = "dwarf-with-dsym";
				DEVELOPMENT_TEAM = 8673U3RF89;
				ENABLE_NS_ASSERTIONS = NO;
				ENABLE_STRICT_OBJC_MSGSEND = YES;
				ENABLE_USER_SCRIPT_SANDBOXING = YES;
				GCC_C_LANGUAGE_STANDARD = gnu17;
				GCC_NO_COMMON_BLOCKS = YES;
				GCC_WARN_64_TO_32_BIT_CONVERSION = YES;
				GCC_WARN_ABOUT_RETURN_TYPE = YES_ERROR;
				GCC_WARN_UNDECLARED_SELECTOR = YES;
				GCC_WARN_UNINITIALIZED_AUTOS = YES_AGGRESSIVE;
				GCC_WARN_UNUSED_FUNCTION = YES;
				GCC_WARN_UNUSED_VARIABLE = YES;
				IPHONEOS_DEPLOYMENT_TARGET = 18.5;
				LOCALIZATION_PREFERS_STRING_CATALOGS = YES;
				MTL_ENABLE_DEBUG_INFO = NO;
				MTL_FAST_MATH = YES;
				SDKROOT = iphoneos;
				SWIFT_COMPILATION_MODE = wholemodule;
				VALIDATE_PRODUCT = YES;
			};
			name = Release;
		};
		0AAB44392E0BA1740003AA51 /* Debug */ = {
			isa = XCBuildConfiguration;
			buildSettings = {
				ASSETCATALOG_COMPILER_APPICON_NAME = AppIcon;
				ASSETCATALOG_COMPILER_GLOBAL_ACCENT_COLOR_NAME = AccentColor;
				CODE_SIGN_STYLE = Automatic;
				CURRENT_PROJECT_VERSION = 1;
				DEVELOPMENT_TEAM = 8673U3RF89;
				ENABLE_PREVIEWS = YES;
				GENERATE_INFOPLIST_FILE = YES;
				INFOPLIST_FILE = AVCHDConverterAttempt/Info.plist;
				INFOPLIST_KEY_NSPhotoLibraryUsageDescription = "We need this to save videos to your phone.";
				INFOPLIST_KEY_UIApplicationSceneManifest_Generation = YES;
				INFOPLIST_KEY_UIApplicationSupportsIndirectInputEvents = YES;
				INFOPLIST_KEY_UILaunchScreen_Generation = YES;
				INFOPLIST_KEY_UISupportedInterfaceOrientations_iPad = "UIInterfaceOrientationPortrait UIInterfaceOrientationPortraitUpsideDown UIInterfaceOrientationLandscapeLeft UIInterfaceOrientationLandscapeRight";
				INFOPLIST_KEY_UISupportedInterfaceOrientations_iPhone = "UIInterfaceOrientationPortrait UIInterfaceOrientationLandscapeLeft UIInterfaceOrientationLandscapeRight";
				LD_RUNPATH_SEARCH_PATHS = (
					"$(inherited)",
					"@executable_path/Frameworks",
				);
				MARKETING_VERSION = 1.0;
				PRODUCT_BUNDLE_IDENTIFIER = zachverb.AVCHDConverterAttempt;
				PRODUCT_NAME = "$(TARGET_NAME)";
				SWIFT_EMIT_LOC_STRINGS = YES;
				SWIFT_VERSION = 5.0;
				TARGETED_DEVICE_FAMILY = "1,2";
			};
			name = Debug;
		};
		0AAB443A2E0BA1740003AA51 /* Release */ = {
			isa = XCBuildConfiguration;
			buildSettings = {
				ASSETCATALOG_COMPILER_APPICON_NAME = AppIcon;
				ASSETCATALOG_COMPILER_GLOBAL_ACCENT_COLOR_NAME = AccentColor;
				CODE_SIGN_STYLE = Automatic;
				CURRENT_PROJECT_VERSION = 1;
				DEVELOPMENT_TEAM = 8673U3RF89;
				ENABLE_PREVIEWS = YES;
				GENERATE_INFOPLIST_FILE = YES;
				INFOPLIST_FILE = AVCHDConverterAttempt/Info.plist;
				INFOPLIST_KEY_NSPhotoLibraryUsageDescription = "We need this to save videos to your phone.";
				INFOPLIST_KEY_UIApplicationSceneManifest_Generation = YES;
				INFOPLIST_KEY_UIApplicationSupportsIndirectInputEvents = YES;
				INFOPLIST_KEY_UILaunchScreen_Generation = YES;
				INFOPLIST_KEY_UISupportedInterfaceOrientations_iPad = "UIInterfaceOrientationPortrait UIInterfaceOrientationPortraitUpsideDown UIInterfaceOrientationLandscapeLeft UIInterfaceOrientationLandscapeRight";
				INFOPLIST_KEY_UISupportedInterfaceOrientations_iPhone = "UIInterfaceOrientationPortrait UIInterfaceOrientationLandscapeLeft UIInterfaceOrientationLandscapeRight";
				LD_RUNPATH_SEARCH_PATHS = (
					"$(inherited)",
					"@executable_path/Frameworks",
				);
				MARKETING_VERSION = 1.0;
				PRODUCT_BUNDLE_IDENTIFIER = zachverb.AVCHDConverterAttempt;
				PRODUCT_NAME = "$(TARGET_NAME)";
				SWIFT_EMIT_LOC_STRINGS = YES;
				SWIFT_VERSION = 5.0;
				TARGETED_DEVICE_FAMILY = "1,2";
			};
			name = Release;
		};
		0AAB443C2E0BA1740003AA51 /* Debug */ = {
			isa = XCBuildConfiguration;
			buildSettings = {
				BUNDLE_LOADER = "$(TEST_HOST)";
				CODE_SIGN_STYLE = Automatic;
				CURRENT_PROJECT_VERSION = 1;
				DEVELOPMENT_TEAM = 8673U3RF89;
				GENERATE_INFOPLIST_FILE = YES;
				IPHONEOS_DEPLOYMENT_TARGET = 18.5;
				MARKETING_VERSION = 1.0;
				PRODUCT_BUNDLE_IDENTIFIER = zachverb.AVCHDConverterAttemptTests;
				PRODUCT_NAME = "$(TARGET_NAME)";
				SWIFT_EMIT_LOC_STRINGS = NO;
				SWIFT_VERSION = 5.0;
				TARGETED_DEVICE_FAMILY = "1,2";
				TEST_HOST = "$(BUILT_PRODUCTS_DIR)/AVCHDConverterAttempt.app/$(BUNDLE_EXECUTABLE_FOLDER_PATH)/AVCHDConverterAttempt";
			};
			name = Debug;
		};
		0AAB443D2E0BA1740003AA51 /* Release */ = {
			isa = XCBuildConfiguration;
			buildSettings = {
				BUNDLE_LOADER = "$(TEST_HOST)";
				CODE_SIGN_STYLE = Automatic;
				CURRENT_PROJECT_VERSION = 1;
				DEVELOPMENT_TEAM = 8673U3RF89;
				GENERATE_INFOPLIST_FILE = YES;
				IPHONEOS_DEPLOYMENT_TARGET = 18.5;
				MARKETING_VERSION = 1.0;
				PRODUCT_BUNDLE_IDENTIFIER = zachverb.AVCHDConverterAttemptTests;
				PRODUCT_NAME = "$(TARGET_NAME)";
				SWIFT_EMIT_LOC_STRINGS = NO;
				SWIFT_VERSION = 5.0;
				TARGETED_DEVICE_FAMILY = "1,2";
				TEST_HOST = "$(BUILT_PRODUCTS_DIR)/AVCHDConverterAttempt.app/$(BUNDLE_EXECUTABLE_FOLDER_PATH)/AVCHDConverterAttempt";
			};
			name = Release;
		};
		0AAB443F2E0BA1740003AA51 /* Debug */ = {
			isa = XCBuildConfiguration;
			buildSettings = {
				CODE_SIGN_STYLE = Automatic;
				CURRENT_PROJECT_VERSION = 1;
				DEVELOPMENT_TEAM = 8673U3RF89;
				GENERATE_INFOPLIST_FILE = YES;
				MARKETING_VERSION = 1.0;
				PRODUCT_BUNDLE_IDENTIFIER = zachverb.AVCHDConverterAttemptUITests;
				PRODUCT_NAME = "$(TARGET_NAME)";
				SWIFT_EMIT_LOC_STRINGS = NO;
				SWIFT_VERSION = 5.0;
				TARGETED_DEVICE_FAMILY = "1,2";
				TEST_TARGET_NAME = AVCHDConverterAttempt;
			};
			name = Debug;
		};
		0AAB44402E0BA1740003AA51 /* Release */ = {
			isa = XCBuildConfiguration;
			buildSettings = {
				CODE_SIGN_STYLE = Automatic;
				CURRENT_PROJECT_VERSION = 1;
				DEVELOPMENT_TEAM = 8673U3RF89;
				GENERATE_INFOPLIST_FILE = YES;
				MARKETING_VERSION = 1.0;
				PRODUCT_BUNDLE_IDENTIFIER = zachverb.AVCHDConverterAttemptUITests;
				PRODUCT_NAME = "$(TARGET_NAME)";
				SWIFT_EMIT_LOC_STRINGS = NO;
				SWIFT_VERSION = 5.0;
				TARGETED_DEVICE_FAMILY = "1,2";
				TEST_TARGET_NAME = AVCHDConverterAttempt;
			};
			name = Release;
		};
/* End XCBuildConfiguration section */

/* Begin XCConfigurationList section */
		0AAB44122E0BA1720003AA51 /* Build configuration list for PBXProject "AVCHDConverterAttempt" */ = {
			isa = XCConfigurationList;
			buildConfigurations = (
				0AAB44362E0BA1740003AA51 /* Debug */,
				0AAB44372E0BA1740003AA51 /* Release */,
			);
			defaultConfigurationIsVisible = 0;
			defaultConfigurationName = Release;
		};
		0AAB44382E0BA1740003AA51 /* Build configuration list for PBXNativeTarget "AVCHDConverterAttempt" */ = {
			isa = XCConfigurationList;
			buildConfigurations = (
				0AAB44392E0BA1740003AA51 /* Debug */,
				0AAB443A2E0BA1740003AA51 /* Release */,
			);
			defaultConfigurationIsVisible = 0;
			defaultConfigurationName = Release;
		};
		0AAB443B2E0BA1740003AA51 /* Build configuration list for PBXNativeTarget "AVCHDConverterAttemptTests" */ = {
			isa = XCConfigurationList;
			buildConfigurations = (
				0AAB443C2E0BA1740003AA51 /* Debug */,
				0AAB443D2E0BA1740003AA51 /* Release */,
			);
			defaultConfigurationIsVisible = 0;
			defaultConfigurationName = Release;
		};
		0AAB443E2E0BA1740003AA51 /* Build configuration list for PBXNativeTarget "AVCHDConverterAttemptUITests" */ = {
			isa = XCConfigurationList;
			buildConfigurations = (
				0AAB443F2E0BA1740003AA51 /* Debug */,
				0AAB44402E0BA1740003AA51 /* Release */,
			);
			defaultConfigurationIsVisible = 0;
			defaultConfigurationName = Release;
		};
/* End XCConfigurationList section */
	};
	rootObject = 0AAB440F2E0BA1720003AA51 /* Project object */;
}
